
Microsoft Visual Studio Solution File, Format Version 12.00
Project("{FAE04EC0-301F-11D3-BF4B-00C04F79EFBC}") = "api-sample", "api-sample\api-sample.csproj", "{52110625-49BF-4B33-8B97-A6391E078A01}"
EndProject
Global
	GlobalSection(SolutionConfigurationPlatforms) = preSolution
		Debug|Any CPU = Debug|Any CPU
		Release|Any CPU = Release|Any CPU
	EndGlobalSection
	GlobalSection(ProjectConfigurationPlatforms) = postSolution
		{52110625-49BF-4B33-8B97-A6391E078A01}.Debug|Any CPU.ActiveCfg = Debug|Any CPU
		{52110625-49BF-4B33-8B97-A6391E078A01}.Debug|Any CPU.Build.0 = Debug|Any CPU
		{52110625-49BF-4B33-8B97-A6391E078A01}.Release|Any CPU.ActiveCfg = Release|Any CPU
		{52110625-49BF-4B33-8B97-A6391E078A01}.Release|Any CPU.Build.0 = Release|Any CPU
	EndGlobalSection
EndGlobal
